
Microsoft Visual Studio Solution File, Format Version 12.00
# Visual Studio 14
VisualStudioVersion = 14.0.23107.0
MinimumVisualStudioVersion = 10.0.40219.1
Project("{FAE04EC0-301F-11D3-BF4B-00C04F79EFBC}") = "Fuzzy_Sets_Library", "Fuzzy_Sets_Library\Fuzzy_Sets_Library.csproj", "{E4915129-8907-45D5-98FA-F4C1DE97EDB9}"
EndProject
Project("{FAE04EC0-301F-11D3-BF4B-00C04F79EFBC}") = "FuzzyTesting", "FuzzyTesting\FuzzyTesting.csproj", "{72FC9922-0D6F-403C-B4FF-F2BD2C686DC9}"
EndProject
Global
	GlobalSection(SolutionConfigurationPlatforms) = preSolution
		Debug|Any CPU = Debug|Any CPU
		Release|Any CPU = Release|Any CPU
	EndGlobalSection
	GlobalSection(ProjectConfigurationPlatforms) = postSolution
		{E4915129-8907-45D5-98FA-F4C1DE97EDB9}.Debug|Any CPU.ActiveCfg = Debug|Any CPU
		{E4915129-8907-45D5-98FA-F4C1DE97EDB9}.Debug|Any CPU.Build.0 = Debug|Any CPU
		{E4915129-8907-45D5-98FA-F4C1DE97EDB9}.Release|Any CPU.ActiveCfg = Release|Any CPU
		{E4915129-8907-45D5-98FA-F4C1DE97EDB9}.Release|Any CPU.Build.0 = Release|Any CPU
		{72FC9922-0D6F-403C-B4FF-F2BD2C686DC9}.Debug|Any CPU.ActiveCfg = Debug|Any CPU
		{72FC9922-0D6F-403C-B4FF-F2BD2C686DC9}.Debug|Any CPU.Build.0 = Debug|Any CPU
		{72FC9922-0D6F-403C-B4FF-F2BD2C686DC9}.Release|Any CPU.ActiveCfg = Release|Any CPU
		{72FC9922-0D6F-403C-B4FF-F2BD2C686DC9}.Release|Any CPU.Build.0 = Release|Any CPU
	EndGlobalSection
	GlobalSection(SolutionProperties) = preSolution
		HideSolutionNode = FALSE
	EndGlobalSection
EndGlobal
